# THIS IS AN AUTOGENERATED FILE. DO NOT EDIT THIS FILE DIRECTLY.
# yarn lockfile v1


"@actions/core@^1.11.1":
  version "1.11.1"
  resolved "https://registry.yarnpkg.com/@actions/core/-/core-1.11.1.tgz#ae683aac5112438021588030efb53b1adb86f172"
  integrity sha512-hXJCSrkwfA46Vd9Z3q4cpEpHB1rL5NG04+/rbqW9d3+CSvtB1tYe8UTpAlixa1vj0m/ULglfEK2UKxMGxCxv5A==
  dependencies:
    "@actions/exec" "^1.1.1"
    "@actions/http-client" "^2.0.1"

"@actions/exec@^1.1.1":
  version "1.1.1"
  resolved "https://registry.yarnpkg.com/@actions/exec/-/exec-1.1.1.tgz#2e43f28c54022537172819a7cf886c844221a611"
  integrity sha512-+sCcHHbVdk93a0XT19ECtO/gIXoxvdsgQLzb2fE2/5sIZmWQuluYyjPQtrtTHdU1YzTZ7bAPN4sITq2xi1679w==
  dependencies:
    "@actions/io" "^1.0.1"

"@actions/http-client@^2.0.1":
  version "2.0.1"
  resolved "https://registry.yarnpkg.com/@actions/http-client/-/http-client-2.0.1.tgz#873f4ca98fe32f6839462a6f046332677322f99c"
  integrity sha512-PIXiMVtz6VvyaRsGY268qvj57hXQEpsYogYOu2nrQhlf+XCGmZstmuZBbAybUl1nQGnvS1k1eEsQ69ZoD7xlSw==
  dependencies:
    tunnel "^0.0.6"

"@actions/io@^1.0.1":
  version "1.1.3"
  resolved "https://registry.yarnpkg.com/@actions/io/-/io-1.1.3.tgz#4cdb6254da7962b07473ff5c335f3da485d94d71"
  integrity sha512-wi9JjgKLYS7U/z8PPbco+PvTb/nRWjeoFlJ1Qer83k/3C5PHQi28hiVdeE2kHXmIL99mQFawx8qt/JPjZilJ8Q==

"@babel/generator@^7.28.5":
  version "7.28.5"
  resolved "https://registry.yarnpkg.com/@babel/generator/-/generator-7.28.5.tgz#712722d5e50f44d07bc7ac9fe84438742dd61298"
  integrity sha512-3EwLFhZ38J4VyIP6WNtt2kUdW9dokXA9Cr4IVIFHuCpZ3H8/YFOl5JjZHisrn1fATPBmKKqXzDFvh9fUwHz6CQ==
  dependencies:
    "@babel/parser" "^7.28.5"
    "@babel/types" "^7.28.5"
    "@jridgewell/gen-mapping" "^0.3.12"
    "@jridgewell/trace-mapping" "^0.3.28"
    jsesc "^3.0.2"

"@babel/helper-string-parser@^7.27.1":
  version "7.27.1"
  resolved "https://registry.yarnpkg.com/@babel/helper-string-parser/-/helper-string-parser-7.27.1.tgz#54da796097ab19ce67ed9f88b47bb2ec49367687"
  integrity sha512-qMlSxKbpRlAridDExk92nSobyDdpPijUq2DW6oDnUqd0iOGxmQjyqhMIihI9+zv4LPyZdRje2cavWPbCbWm3eA==

"@babel/helper-validator-identifier@^7.28.5":
  version "7.28.5"
  resolved "https://registry.yarnpkg.com/@babel/helper-validator-identifier/-/helper-validator-identifier-7.28.5.tgz#010b6938fab7cb7df74aa2bbc06aa503b8fe5fb4"
  integrity sha512-qSs4ifwzKJSV39ucNjsvc6WVHs6b7S03sOh2OcHF9UHfVPqWWALUsNUVzhSBiItjRZoLHx7nIarVjqKVusUZ1Q==

"@babel/parser@^7.28.5":
  version "7.28.5"
  resolved "https://registry.yarnpkg.com/@babel/parser/-/parser-7.28.5.tgz#0b0225ee90362f030efd644e8034c99468893b08"
  integrity sha512-KKBU1VGYR7ORr3At5HAtUQ+TV3SzRCXmA/8OdDZiLDBIZxVyzXuztPjfLd3BV1PRAQGCMWWSHYhL0F8d5uHBDQ==
  dependencies:
    "@babel/types" "^7.28.5"

"@babel/types@^7.28.5":
  version "7.28.5"
  resolved "https://registry.yarnpkg.com/@babel/types/-/types-7.28.5.tgz#10fc405f60897c35f07e85493c932c7b5ca0592b"
  integrity sha512-qQ5m48eI/MFLQ5PxQj4PFaprjyCTLI37ElWMmNs0K8Lk3dVeOdNpB3ks8jc7yM5CDmVC73eMVk/trk3fgmrUpA==
  dependencies:
    "@babel/helper-string-parser" "^7.27.1"
    "@babel/helper-validator-identifier" "^7.28.5"

"@emnapi/core@^1.7.1":
  version "1.7.1"
  resolved "https://registry.yarnpkg.com/@emnapi/core/-/core-1.7.1.tgz#3a79a02dbc84f45884a1806ebb98e5746bdfaac4"
  integrity sha512-o1uhUASyo921r2XtHYOHy7gdkGLge8ghBEQHMWmyJFoXlpU58kIrhhN3w26lpQb6dspetweapMn2CSNwQ8I4wg==
  dependencies:
    "@emnapi/wasi-threads" "1.1.0"
    tslib "^2.4.0"

"@emnapi/runtime@^1.7.1":
  version "1.7.1"
  resolved "https://registry.yarnpkg.com/@emnapi/runtime/-/runtime-1.7.1.tgz#a73784e23f5d57287369c808197288b52276b791"
  integrity sha512-PVtJr5CmLwYAU9PZDMITZoR5iAOShYREoR45EyyLrbntV50mdePTgUn4AmOw90Ifcj+x2kRjdzr1HP3RrNiHGA==
  dependencies:
    tslib "^2.4.0"

"@emnapi/wasi-threads@1.1.0":
  version "1.1.0"
  resolved "https://registry.yarnpkg.com/@emnapi/wasi-threads/-/wasi-threads-1.1.0.tgz#60b2102fddc9ccb78607e4a3cf8403ea69be41bf"
  integrity sha512-WI0DdZ8xFSbgMjR1sFsKABJ/C5OnRrjT06JXbZKexJGrDuPTzZdDYfFlsgcCXCyf+suG5QU2e/y1Wo2V/OapLQ==
  dependencies:
    tslib "^2.4.0"

"@esbuild/aix-ppc64@0.25.2":
  version "0.25.2"
  resolved "https://registry.yarnpkg.com/@esbuild/aix-ppc64/-/aix-ppc64-0.25.2.tgz#b87036f644f572efb2b3c75746c97d1d2d87ace8"
  integrity sha512-wCIboOL2yXZym2cgm6mlA742s9QeJ8DjGVaL39dLN4rRwrOgOyYSnOaFPhKZGLb2ngj4EyfAFjsNJwPXZvseag==

"@esbuild/android-arm64@0.25.2":
  version "0.25.2"
  resolved "https://registry.yarnpkg.com/@esbuild/android-arm64/-/android-arm64-0.25.2.tgz#5ca7dc20a18f18960ad8d5e6ef5cf7b0a256e196"
  integrity sha512-5ZAX5xOmTligeBaeNEPnPaeEuah53Id2tX4c2CVP3JaROTH+j4fnfHCkr1PjXMd78hMst+TlkfKcW/DlTq0i4w==

"@esbuild/android-arm@0.25.2":
  version "0.25.2"
  resolved "https://registry.yarnpkg.com/@esbuild/android-arm/-/android-arm-0.25.2.tgz#3c49f607b7082cde70c6ce0c011c362c57a194ee"
  integrity sha512-NQhH7jFstVY5x8CKbcfa166GoV0EFkaPkCKBQkdPJFvo5u+nGXLEH/ooniLb3QI8Fk58YAx7nsPLozUWfCBOJA==

"@esbuild/android-x64@0.25.2":
  version "0.25.2"
  resolved "https://registry.yarnpkg.com/@esbuild/android-x64/-/android-x64-0.25.2.tgz#8a00147780016aff59e04f1036e7cb1b683859e2"
  integrity sha512-Ffcx+nnma8Sge4jzddPHCZVRvIfQ0kMsUsCMcJRHkGJ1cDmhe4SsrYIjLUKn1xpHZybmOqCWwB0zQvsjdEHtkg==

"@esbuild/darwin-arm64@0.25.2":
  version "0.25.2"
  resolved "https://registry.yarnpkg.com/@esbuild/darwin-arm64/-/darwin-arm64-0.25.2.tgz#486efe7599a8d90a27780f2bb0318d9a85c6c423"
  integrity sha512-MpM6LUVTXAzOvN4KbjzU/q5smzryuoNjlriAIx+06RpecwCkL9JpenNzpKd2YMzLJFOdPqBpuub6eVRP5IgiSA==

"@esbuild/darwin-x64@0.25.2":
  version "0.25.2"
  resolved "https://registry.yarnpkg.com/@esbuild/darwin-x64/-/darwin-x64-0.25.2.tgz#95ee222aacf668c7a4f3d7ee87b3240a51baf374"
  integrity sha512-5eRPrTX7wFyuWe8FqEFPG2cU0+butQQVNcT4sVipqjLYQjjh8a8+vUTfgBKM88ObB85ahsnTwF7PSIt6PG+QkA==

"@esbuild/freebsd-arm64@0.25.2":
  version "0.25.2"
  resolved "https://registry.yarnpkg.com/@esbuild/freebsd-arm64/-/freebsd-arm64-0.25.2.tgz#67efceda8554b6fc6a43476feba068fb37fa2ef6"
  integrity sha512-mLwm4vXKiQ2UTSX4+ImyiPdiHjiZhIaE9QvC7sw0tZ6HoNMjYAqQpGyui5VRIi5sGd+uWq940gdCbY3VLvsO1w==

"@esbuild/freebsd-x64@0.25.2":
  version "0.25.2"
  resolved "https://registry.yarnpkg.com/@esbuild/freebsd-x64/-/freebsd-x64-0.25.2.tgz#88a9d7ecdd3adadbfe5227c2122d24816959b809"
  integrity sha512-6qyyn6TjayJSwGpm8J9QYYGQcRgc90nmfdUb0O7pp1s4lTY+9D0H9O02v5JqGApUyiHOtkz6+1hZNvNtEhbwRQ==

"@esbuild/linux-arm64@0.25.2":
  version "0.25.2"
  resolved "https://registry.yarnpkg.com/@esbuild/linux-arm64/-/linux-arm64-0.25.2.tgz#87be1099b2bbe61282333b084737d46bc8308058"
  integrity sha512-gq/sjLsOyMT19I8obBISvhoYiZIAaGF8JpeXu1u8yPv8BE5HlWYobmlsfijFIZ9hIVGYkbdFhEqC0NvM4kNO0g==

"@esbuild/linux-arm@0.25.2":
  version "0.25.2"
  resolved "https://registry.yarnpkg.com/@esbuild/linux-arm/-/linux-arm-0.25.2.tgz#72a285b0fe64496e191fcad222185d7bf9f816f6"
  integrity sha512-UHBRgJcmjJv5oeQF8EpTRZs/1knq6loLxTsjc3nxO9eXAPDLcWW55flrMVc97qFPbmZP31ta1AZVUKQzKTzb0g==

"@esbuild/linux-ia32@0.25.2":
  version "0.25.2"
  resolved "https://registry.yarnpkg.com/@esbuild/linux-ia32/-/linux-ia32-0.25.2.tgz#337a87a4c4dd48a832baed5cbb022be20809d737"
  integrity sha512-bBYCv9obgW2cBP+2ZWfjYTU+f5cxRoGGQ5SeDbYdFCAZpYWrfjjfYwvUpP8MlKbP0nwZ5gyOU/0aUzZ5HWPuvQ==

"@esbuild/linux-loong64@0.25.2":
  version "0.25.2"
  resolved "https://registry.yarnpkg.com/@esbuild/linux-loong64/-/linux-loong64-0.25.2.tgz#1b81aa77103d6b8a8cfa7c094ed3d25c7579ba2a"
  integrity sha512-SHNGiKtvnU2dBlM5D8CXRFdd+6etgZ9dXfaPCeJtz+37PIUlixvlIhI23L5khKXs3DIzAn9V8v+qb1TRKrgT5w==

"@esbuild/linux-mips64el@0.25.2":
  version "0.25.2"
  resolved "https://registry.yarnpkg.com/@esbuild/linux-mips64el/-/linux-mips64el-0.25.2.tgz#afbe380b6992e7459bf7c2c3b9556633b2e47f30"
  integrity sha512-hDDRlzE6rPeoj+5fsADqdUZl1OzqDYow4TB4Y/3PlKBD0ph1e6uPHzIQcv2Z65u2K0kpeByIyAjCmjn1hJgG0Q==

"@esbuild/linux-ppc64@0.25.2":
  version "0.25.2"
  resolved "https://registry.yarnpkg.com/@esbuild/linux-ppc64/-/linux-ppc64-0.25.2.tgz#6bf8695cab8a2b135cca1aa555226dc932d52067"
  integrity sha512-tsHu2RRSWzipmUi9UBDEzc0nLc4HtpZEI5Ba+Omms5456x5WaNuiG3u7xh5AO6sipnJ9r4cRWQB2tUjPyIkc6g==

"@esbuild/linux-riscv64@0.25.2":
  version "0.25.2"
  resolved "https://registry.yarnpkg.com/@esbuild/linux-riscv64/-/linux-riscv64-0.25.2.tgz#43c2d67a1a39199fb06ba978aebb44992d7becc3"
  integrity sha512-k4LtpgV7NJQOml/10uPU0s4SAXGnowi5qBSjaLWMojNCUICNu7TshqHLAEbkBdAszL5TabfvQ48kK84hyFzjnw==

"@esbuild/linux-s390x@0.25.2":
  version "0.25.2"
  resolved "https://registry.yarnpkg.com/@esbuild/linux-s390x/-/linux-s390x-0.25.2.tgz#419e25737ec815c6dce2cd20d026e347cbb7a602"
  integrity sha512-GRa4IshOdvKY7M/rDpRR3gkiTNp34M0eLTaC1a08gNrh4u488aPhuZOCpkF6+2wl3zAN7L7XIpOFBhnaE3/Q8Q==

"@esbuild/linux-x64@0.25.2":
  version "0.25.2"
  resolved "https://registry.yarnpkg.com/@esbuild/linux-x64/-/linux-x64-0.25.2.tgz#22451f6edbba84abe754a8cbd8528ff6e28d9bcb"
  integrity sha512-QInHERlqpTTZ4FRB0fROQWXcYRD64lAoiegezDunLpalZMjcUcld3YzZmVJ2H/Cp0wJRZ8Xtjtj0cEHhYc/uUg==

"@esbuild/netbsd-arm64@0.25.2":
  version "0.25.2"
  resolved "https://registry.yarnpkg.com/@esbuild/netbsd-arm64/-/netbsd-arm64-0.25.2.tgz#744affd3b8d8236b08c5210d828b0698a62c58ac"
  integrity sha512-talAIBoY5M8vHc6EeI2WW9d/CkiO9MQJ0IOWX8hrLhxGbro/vBXJvaQXefW2cP0z0nQVTdQ/eNyGFV1GSKrxfw==

"@esbuild/netbsd-x64@0.25.2":
  version "0.25.2"
  resolved "https://registry.yarnpkg.com/@esbuild/netbsd-x64/-/netbsd-x64-0.25.2.tgz#dbbe7521fd6d7352f34328d676af923fc0f8a78f"
  integrity sha512-voZT9Z+tpOxrvfKFyfDYPc4DO4rk06qamv1a/fkuzHpiVBMOhpjK+vBmWM8J1eiB3OLSMFYNaOaBNLXGChf5tg==

"@esbuild/openbsd-arm64@0.25.2":
  version "0.25.2"
  resolved "https://registry.yarnpkg.com/@esbuild/openbsd-arm64/-/openbsd-arm64-0.25.2.tgz#f9caf987e3e0570500832b487ce3039ca648ce9f"
  integrity sha512-dcXYOC6NXOqcykeDlwId9kB6OkPUxOEqU+rkrYVqJbK2hagWOMrsTGsMr8+rW02M+d5Op5NNlgMmjzecaRf7Tg==

"@esbuild/openbsd-x64@0.25.2":
  version "0.25.2"
  resolved "https://registry.yarnpkg.com/@esbuild/openbsd-x64/-/openbsd-x64-0.25.2.tgz#d2bb6a0f8ffea7b394bb43dfccbb07cabd89f768"
  integrity sha512-t/TkWwahkH0Tsgoq1Ju7QfgGhArkGLkF1uYz8nQS/PPFlXbP5YgRpqQR3ARRiC2iXoLTWFxc6DJMSK10dVXluw==

"@esbuild/sunos-x64@0.25.2":
  version "0.25.2"
  resolved "https://registry.yarnpkg.com/@esbuild/sunos-x64/-/sunos-x64-0.25.2.tgz#49b437ed63fe333b92137b7a0c65a65852031afb"
  integrity sha512-cfZH1co2+imVdWCjd+D1gf9NjkchVhhdpgb1q5y6Hcv9TP6Zi9ZG/beI3ig8TvwT9lH9dlxLq5MQBBgwuj4xvA==

"@esbuild/win32-arm64@0.25.2":
  version "0.25.2"
  resolved "https://registry.yarnpkg.com/@esbuild/win32-arm64/-/win32-arm64-0.25.2.tgz#081424168463c7d6c7fb78f631aede0c104373cf"
  integrity sha512-7Loyjh+D/Nx/sOTzV8vfbB3GJuHdOQyrOryFdZvPHLf42Tk9ivBU5Aedi7iyX+x6rbn2Mh68T4qq1SDqJBQO5Q==

"@esbuild/win32-ia32@0.25.2":
  version "0.25.2"
  resolved "https://registry.yarnpkg.com/@esbuild/win32-ia32/-/win32-ia32-0.25.2.tgz#3f9e87143ddd003133d21384944a6c6cadf9693f"
  integrity sha512-WRJgsz9un0nqZJ4MfhabxaD9Ft8KioqU3JMinOTvobbX6MOSUigSBlogP8QB3uxpJDsFS6yN+3FDBdqE5lg9kg==

"@esbuild/win32-x64@0.25.2":
  version "0.25.2"
  resolved "https://registry.yarnpkg.com/@esbuild/win32-x64/-/win32-x64-0.25.2.tgz#839f72c2decd378f86b8f525e1979a97b920c67d"
  integrity sha512-kM3HKb16VIXZyIeVrM1ygYmZBKybX8N4p754bw390wGO3Tf2j4L2/WYL+4suWujpgf6GBYs3jv7TyUivdd05JA==

"@jridgewell/gen-mapping@^0.3.12":
  version "0.3.13"
  resolved "https://registry.yarnpkg.com/@jridgewell/gen-mapping/-/gen-mapping-0.3.13.tgz#6342a19f44347518c93e43b1ac69deb3c4656a1f"
  integrity sha512-2kkt/7niJ6MgEPxF0bYdQ6etZaA+fQvDcLKckhy1yIQOzaoKjBBjSj63/aLVjYE3qhRt5dvM+uUyfCg6UKCBbA==
  dependencies:
    "@jridgewell/sourcemap-codec" "^1.5.0"
    "@jridgewell/trace-mapping" "^0.3.24"

"@jridgewell/resolve-uri@^3.1.0":
  version "3.1.2"
  resolved "https://registry.yarnpkg.com/@jridgewell/resolve-uri/-/resolve-uri-3.1.2.tgz#7a0ee601f60f99a20c7c7c5ff0c80388c1189bd6"
  integrity sha512-bRISgCIjP20/tbWSPWMEi54QVPRZExkuD9lJL+UIxUKtwVJA8wW1Trb1jMs1RFXo1CBTNZ/5hpC9QvmKWdopKw==

"@jridgewell/sourcemap-codec@^1.4.14":
  version "1.5.0"
  resolved "https://registry.yarnpkg.com/@jridgewell/sourcemap-codec/-/sourcemap-codec-1.5.0.tgz#3188bcb273a414b0d215fd22a58540b989b9409a"
  integrity sha512-gv3ZRaISU3fjPAgNsriBRqGWQL6quFx04YMPW/zD8XMLsU32mhCCbfbO6KZFLjvYpCZ8zyDEgqsgf+PwPaM7GQ==

"@jridgewell/sourcemap-codec@^1.5.0", "@jridgewell/sourcemap-codec@^1.5.5":
  version "1.5.5"
  resolved "https://registry.yarnpkg.com/@jridgewell/sourcemap-codec/-/sourcemap-codec-1.5.5.tgz#6912b00d2c631c0d15ce1a7ab57cd657f2a8f8ba"
  integrity sha512-cYQ9310grqxueWbl+WuIUIaiUaDcj7WOq5fVhEljNVgRfOUhY9fy2zTvfoqWsnebh8Sl70VScFbICvJnLKB0Og==

"@jridgewell/trace-mapping@^0.3.24":
  version "0.3.25"
  resolved "https://registry.yarnpkg.com/@jridgewell/trace-mapping/-/trace-mapping-0.3.25.tgz#15f190e98895f3fc23276ee14bc76b675c2e50f0"
  integrity sha512-vNk6aEwybGtawWmy/PzwnGDOjCkLWSD2wqvjGGAgOAwCGWySYXfYoxt00IJkTF+8Lb57DwOb3Aa0o9CApepiYQ==
  dependencies:
    "@jridgewell/resolve-uri" "^3.1.0"
    "@jridgewell/sourcemap-codec" "^1.4.14"

"@jridgewell/trace-mapping@^0.3.28":
  version "0.3.31"
  resolved "https://registry.yarnpkg.com/@jridgewell/trace-mapping/-/trace-mapping-0.3.31.tgz#db15d6781c931f3a251a3dac39501c98a6082fd0"
  integrity sha512-zzNR+SdQSDJzc8joaeP8QQoCQr8NuYx2dIIytl1QeBEZHJ9uW6hebsrYgbz8hJwUQao3TWCMtmfV8Nu1twOLAw==
  dependencies:
    "@jridgewell/resolve-uri" "^3.1.0"
    "@jridgewell/sourcemap-codec" "^1.4.14"

"@napi-rs/wasm-runtime@^1.1.0":
  version "1.1.0"
  resolved "https://registry.yarnpkg.com/@napi-rs/wasm-runtime/-/wasm-runtime-1.1.0.tgz#c0180393d7862cff0d412e3e1a7c3bd5ea6d9b2f"
  integrity sha512-Fq6DJW+Bb5jaWE69/qOE0D1TUN9+6uWhCeZpdnSBk14pjLcCWR7Q8n49PTSPHazM37JqrsdpEthXy2xn6jWWiA==
  dependencies:
    "@emnapi/core" "^1.7.1"
    "@emnapi/runtime" "^1.7.1"
    "@tybys/wasm-util" "^0.10.1"

"@oxc-project/types@=0.101.0":
  version "0.101.0"
  resolved "https://registry.yarnpkg.com/@oxc-project/types/-/types-0.101.0.tgz#5692200d09d6f87341eac3f8e70e403173c5283e"
  integrity sha512-nuFhqlUzJX+gVIPPfuE6xurd4lST3mdcWOhyK/rZO0B9XWMKm79SuszIQEnSMmmDhq1DC8WWVYGVd+6F93o1gQ==

"@quansync/fs@^1.0.0":
  version "1.0.0"
  resolved "https://registry.yarnpkg.com/@quansync/fs/-/fs-1.0.0.tgz#17131b1f1c261fcfb63893272c488df89c73f48f"
  integrity sha512-4TJ3DFtlf1L5LDMaM6CanJ/0lckGNtJcMjQ1NAV6zDmA0tEHKZtxNKin8EgPaVX1YzljbxckyT2tJrpQKAtngQ==
  dependencies:
    quansync "^1.0.0"

"@rolldown/binding-android-arm64@1.0.0-beta.53":
  version "1.0.0-beta.53"
  resolved "https://registry.yarnpkg.com/@rolldown/binding-android-arm64/-/binding-android-arm64-1.0.0-beta.53.tgz#3dfce34db89a71956b26affb296dddc2c7dfb728"
  integrity sha512-Ok9V8o7o6YfSdTTYA/uHH30r3YtOxLD6G3wih/U9DO0ucBBFq8WPt/DslU53OgfteLRHITZny9N/qCUxMf9kjQ==

"@rolldown/binding-darwin-arm64@1.0.0-beta.53":
  version "1.0.0-beta.53"
  resolved "https://registry.yarnpkg.com/@rolldown/binding-darwin-arm64/-/binding-darwin-arm64-1.0.0-beta.53.tgz#d000b0cc5c5fec4032f13806b1ba42c018d7e81d"
  integrity sha512-yIsKqMz0CtRnVa6x3Pa+mzTihr4Ty+Z6HfPbZ7RVbk1Uxnco4+CUn7Qbm/5SBol1JD/7nvY8rphAgyAi7Lj6Vg==

"@rolldown/binding-darwin-x64@1.0.0-beta.53":
  version "1.0.0-beta.53"
  resolved "https://registry.yarnpkg.com/@rolldown/binding-darwin-x64/-/binding-darwin-x64-1.0.0-beta.53.tgz#42cf05245d0a54b3df67307f0f93ac32e8322b5a"
  integrity sha512-GTXe+mxsCGUnJOFMhfGWmefP7Q9TpYUseHvhAhr21nCTgdS8jPsvirb0tJwM3lN0/u/cg7bpFNa16fQrjKrCjQ==

"@rolldown/binding-freebsd-x64@1.0.0-beta.53":
  version "1.0.0-beta.53"
  resolved "https://registry.yarnpkg.com/@rolldown/binding-freebsd-x64/-/binding-freebsd-x64-1.0.0-beta.53.tgz#c4ee51d63e27298d5cafeb221ca976b1298b3586"
  integrity sha512-9Tmp7bBvKqyDkMcL4e089pH3RsjD3SUungjmqWtyhNOxoQMh0fSmINTyYV8KXtE+JkxYMPWvnEt+/mfpVCkk8w==

"@rolldown/binding-linux-arm-gnueabihf@1.0.0-beta.53":
  version "1.0.0-beta.53"
  resolved "https://registry.yarnpkg.com/@rolldown/binding-linux-arm-gnueabihf/-/binding-linux-arm-gnueabihf-1.0.0-beta.53.tgz#3ecf76c30ab45950d79eb5d38bf9d6d4877e1866"
  integrity sha512-a1y5fiB0iovuzdbjUxa7+Zcvgv+mTmlGGC4XydVIsyl48eoxgaYkA3l9079hyTyhECsPq+mbr0gVQsFU11OJAQ==

"@rolldown/binding-linux-arm64-gnu@1.0.0-beta.53":
  version "1.0.0-beta.53"
  resolved "https://registry.yarnpkg.com/@rolldown/binding-linux-arm64-gnu/-/binding-linux-arm64-gnu-1.0.0-beta.53.tgz#d0ee79d5cf29e43aa7ac7b327626aee1c405a20b"
  integrity sha512-bpIGX+ov9PhJYV+wHNXl9rzq4F0QvILiURn0y0oepbQx+7stmQsKA0DhPGwmhfvF856wq+gbM8L92SAa/CBcLg==

"@rolldown/binding-linux-arm64-musl@1.0.0-beta.53":
  version "1.0.0-beta.53"
  resolved "https://registry.yarnpkg.com/@rolldown/binding-linux-arm64-musl/-/binding-linux-arm64-musl-1.0.0-beta.53.tgz#2a6bd23ff647b916158100ce24a54b3d1856fb29"
  integrity sha512-bGe5EBB8FVjHBR1mOLOPEFg1Lp3//7geqWkU5NIhxe+yH0W8FVrQ6WRYOap4SUTKdklD/dC4qPLREkMMQ855FA==

"@rolldown/binding-linux-x64-gnu@1.0.0-beta.53":
  version "1.0.0-beta.53"
  resolved "https://registry.yarnpkg.com/@rolldown/binding-linux-x64-gnu/-/binding-linux-x64-gnu-1.0.0-beta.53.tgz#5f1178cc3b9a19c83b5d49737f7774e98dde81fc"
  integrity sha512-qL+63WKVQs1CMvFedlPt0U9PiEKJOAL/bsHMKUDS6Vp2Q+YAv/QLPu8rcvkfIMvQ0FPU2WL0aX4eWwF6e/GAnA==

"@rolldown/binding-linux-x64-musl@1.0.0-beta.53":
  version "1.0.0-beta.53"
  resolved "https://registry.yarnpkg.com/@rolldown/binding-linux-x64-musl/-/binding-linux-x64-musl-1.0.0-beta.53.tgz#91deaa186011af99d8b9934af180bffe4fae3d19"
  integrity sha512-VGl9JIGjoJh3H8Mb+7xnVqODajBmrdOOb9lxWXdcmxyI+zjB2sux69br0hZJDTyLJfvBoYm439zPACYbCjGRmw==

"@rolldown/binding-openharmony-arm64@1.0.0-beta.53":
  version "1.0.0-beta.53"
  resolved "https://registry.yarnpkg.com/@rolldown/binding-openharmony-arm64/-/binding-openharmony-arm64-1.0.0-beta.53.tgz#44702518f6527d5578f4dd063b2ee85cb3c93a20"
  integrity sha512-B4iIserJXuSnNzA5xBLFUIjTfhNy7d9sq4FUMQY3GhQWGVhS2RWWzzDnkSU6MUt7/aHUrep0CdQfXUJI9D3W7A==

"@rolldown/binding-wasm32-wasi@1.0.0-beta.53":
  version "1.0.0-beta.53"
  resolved "https://registry.yarnpkg.com/@rolldown/binding-wasm32-wasi/-/binding-wasm32-wasi-1.0.0-beta.53.tgz#82f5b480895960df59c2a3dc32874b403b698439"
  integrity sha512-BUjAEgpABEJXilGq/BPh7jeU3WAJ5o15c1ZEgHaDWSz3LB881LQZnbNJHmUiM4d1JQWMYYyR1Y490IBHi2FPJg==
  dependencies:
    "@napi-rs/wasm-runtime" "^1.1.0"

"@rolldown/binding-win32-arm64-msvc@1.0.0-beta.53":
  version "1.0.0-beta.53"
  resolved "https://registry.yarnpkg.com/@rolldown/binding-win32-arm64-msvc/-/binding-win32-arm64-msvc-1.0.0-beta.53.tgz#489c43aaa7a6088f17ef8d1124b41c4489f40eb9"
  integrity sha512-s27uU7tpCWSjHBnxyVXHt3rMrQdJq5MHNv3BzsewCIroIw3DJFjMH1dzCPPMUFxnh1r52Nf9IJ/eWp6LDoyGcw==

"@rolldown/binding-win32-x64-msvc@1.0.0-beta.53":
  version "1.0.0-beta.53"
  resolved "https://registry.yarnpkg.com/@rolldown/binding-win32-x64-msvc/-/binding-win32-x64-msvc-1.0.0-beta.53.tgz#78bc08543b916082271d7a19b310e24ea6821da7"
  integrity sha512-cjWL/USPJ1g0en2htb4ssMjIycc36RvdQAx1WlXnS6DpULswiUTVXPDesTifSKYSyvx24E0YqQkEm0K/M2Z/AA==

"@rolldown/pluginutils@1.0.0-beta.53":
  version "1.0.0-beta.53"
  resolved "https://registry.yarnpkg.com/@rolldown/pluginutils/-/pluginutils-1.0.0-beta.53.tgz#c57a5234ae122671aff6fe72e673a7ed90f03f87"
  integrity sha512-vENRlFU4YbrwVqNDZ7fLvy+JR1CRkyr01jhSiDpE1u6py3OMzQfztQU2jxykW3ALNxO4kSlqIDeYyD0Y9RcQeQ==

"@tybys/wasm-util@^0.10.1":
  version "0.10.1"
  resolved "https://registry.yarnpkg.com/@tybys/wasm-util/-/wasm-util-0.10.1.tgz#ecddd3205cf1e2d5274649ff0eedd2991ed7f414"
  integrity sha512-9tTaPJLSiejZKx+Bmog4uSubteqTvFrVrURwkmHixBo0G4seD0zUxp98E1DzUBJxLQ3NPwXrGKDiVjwx/DpPsg==
  dependencies:
    tslib "^2.4.0"

"@types/node@^22.14.0":
  version "22.14.0"
  resolved "https://registry.yarnpkg.com/@types/node/-/node-22.14.0.tgz#d3bfa3936fef0dbacd79ea3eb17d521c628bb47e"
  integrity sha512-Kmpl+z84ILoG+3T/zQFyAJsU6EPTmOCj8/2+83fSN6djd6I4o7uOuGIH6vq3PrjY5BGitSbFuMN18j3iknubbA==
  dependencies:
    undici-types "~6.21.0"

ansis@^4.2.0:
  version "4.2.0"
  resolved "https://registry.yarnpkg.com/ansis/-/ansis-4.2.0.tgz#2e6e61c46b11726ac67f78785385618b9e658780"
  integrity sha512-HqZ5rWlFjGiV0tDm3UxxgNRqsOTniqoKZu0pIAfh7TZQMGuZK+hH0drySty0si0QXj1ieop4+SkSfPZBPPkHig==

ast-kit@^2.2.0:
  version "2.2.0"
  resolved "https://registry.yarnpkg.com/ast-kit/-/ast-kit-2.2.0.tgz#6d9a298acefef5bdfc5a0fa51d94d1334ef2e671"
  integrity sha512-m1Q/RaVOnTp9JxPX+F+Zn7IcLYMzM8kZofDImfsKZd8MbR+ikdOzTeztStWqfrqIxZnYWryyI9ePm3NGjnZgGw==
  dependencies:
    "@babel/parser" "^7.28.5"
    pathe "^2.0.3"

asynckit@^0.4.0:
  version "0.4.0"
  resolved "https://registry.yarnpkg.com/asynckit/-/asynckit-0.4.0.tgz#c79ed97f7f34cb8f2ba1bc9790bcc366474b4b79"
  integrity sha512-Oei9OH4tRh0YqU3GxhX79dM/mwVgvbZJaSNaRk+bshkj0S5cfHcgYakreBjrHwatXKbz+IoIdYLxrKim2MjW0Q==

axios@^1.8.4:
  version "1.8.4"
  resolved "https://registry.yarnpkg.com/axios/-/axios-1.8.4.tgz#78990bb4bc63d2cae072952d374835950a82f447"
  integrity sha512-eBSYY4Y68NNlHbHBMdeDmKNtDgXWhQsJcGqzO3iLUM0GraQFSS9cVgPX5I9b3lbdFKyYoAEGAZF1DwhTaljNAw==
  dependencies:
    follow-redirects "^1.15.6"
    form-data "^4.0.0"
    proxy-from-env "^1.1.0"

birpc@^3.0.0:
  version "3.0.0"
  resolved "https://registry.yarnpkg.com/birpc/-/birpc-3.0.0.tgz#eb18f6c539e10cbfc6d6b1fd1cd6e08d77b70b49"
  integrity sha512-by+04pHuxpCEQcucAXqzopqfhyI8TLK5Qg5MST0cB6MP+JhHna9ollrtK9moVh27aq6Q6MEJgebD0cVm//yBkg==

cac@^6.7.14:
  version "6.7.14"
  resolved "https://registry.yarnpkg.com/cac/-/cac-6.7.14.tgz#804e1e6f506ee363cb0e3ccbb09cad5dd9870959"
  integrity sha512-b6Ilus+c3RrdDk+JhLKUAQfzzgLEPy6wcXqS7f/xe1EETvsDP6GORG7SFuOs6cID5YkqchW/LXZbX5bc8j7ZcQ==

combined-stream@^1.0.8:
  version "1.0.8"
  resolved "https://registry.yarnpkg.com/combined-stream/-/combined-stream-1.0.8.tgz#c3d45a8b34fd730631a110a8a2520682b31d5a7f"
  integrity sha512-FQN4MRfuJeHf7cBbBMJFXhKSDq+2kAArBlmRBvcvFE5BB1HZKXtSFASDhdlz9zOYwxh8lDdnvmMOe/+5cdoEdg==
  dependencies:
    delayed-stream "~1.0.0"

defu@^6.1.4:
  version "6.1.4"
  resolved "https://registry.yarnpkg.com/defu/-/defu-6.1.4.tgz#4e0c9cf9ff68fe5f3d7f2765cc1a012dfdcb0479"
  integrity sha512-mEQCMmwJu317oSz8CwdIOdwf3xMif1ttiM8LTufzc3g6kR+9Pe236twL8j3IYT1F7GfRgGcW6MWxzZjLIkuHIg==

delayed-stream@~1.0.0:
  version "1.0.0"
  resolved "https://registry.yarnpkg.com/delayed-stream/-/delayed-stream-1.0.0.tgz#df3ae199acadfb7d440aaae0b29e2272b24ec619"
  integrity sha512-ZySD7Nf91aLB0RxL4KGrKHBXl7Eds1DAmEdcoVawXnLD7SDhpNgtuII2aAkg7a7QS41jxPSZ17p4VdGnMHk3MQ==

dts-resolver@^2.1.3:
  version "2.1.3"
  resolved "https://registry.yarnpkg.com/dts-resolver/-/dts-resolver-2.1.3.tgz#b930b38fcb2f3dab3b55cb4ac73658c9a5fc0a41"
  integrity sha512-bihc7jPC90VrosXNzK0LTE2cuLP6jr0Ro8jk+kMugHReJVLIpHz/xadeq3MhuwyO4TD4OA3L1Q8pBBFRc08Tsw==

empathic@^2.0.0:
  version "2.0.0"
  resolved "https://registry.yarnpkg.com/empathic/-/empathic-2.0.0.tgz#71d3c2b94fad49532ef98a6c34be0386659f6131"
  integrity sha512-i6UzDscO/XfAcNYD75CfICkmfLedpyPDdozrLMmQc5ORaQcdMoc21OnlEylMIqI7U8eniKrPMxxtj8k0vhmJhA==

esbuild@~0.25.0:
  version "0.25.2"
  resolved "https://registry.yarnpkg.com/esbuild/-/esbuild-0.25.2.tgz#55a1d9ebcb3aa2f95e8bba9e900c1a5061bc168b"
  integrity sha512-16854zccKPnC+toMywC+uKNeYSv+/eXkevRAfwRD/G9Cleq66m8XFIrigkbvauLLlCfDL45Q2cWegSg53gGBnQ==
  optionalDependencies:
    "@esbuild/aix-ppc64" "0.25.2"
    "@esbuild/android-arm" "0.25.2"
    "@esbuild/android-arm64" "0.25.2"
    "@esbuild/android-x64" "0.25.2"
    "@esbuild/darwin-arm64" "0.25.2"
    "@esbuild/darwin-x64" "0.25.2"
    "@esbuild/freebsd-arm64" "0.25.2"
    "@esbuild/freebsd-x64" "0.25.2"
    "@esbuild/linux-arm" "0.25.2"
    "@esbuild/linux-arm64" "0.25.2"
    "@esbuild/linux-ia32" "0.25.2"
    "@esbuild/linux-loong64" "0.25.2"
    "@esbuild/linux-mips64el" "0.25.2"
    "@esbuild/linux-ppc64" "0.25.2"
    "@esbuild/linux-riscv64" "0.25.2"
    "@esbuild/linux-s390x" "0.25.2"
    "@esbuild/linux-x64" "0.25.2"
    "@esbuild/netbsd-arm64" "0.25.2"
    "@esbuild/netbsd-x64" "0.25.2"
    "@esbuild/openbsd-arm64" "0.25.2"
    "@esbuild/openbsd-x64" "0.25.2"
    "@esbuild/sunos-x64" "0.25.2"
    "@esbuild/win32-arm64" "0.25.2"
    "@esbuild/win32-ia32" "0.25.2"
    "@esbuild/win32-x64" "0.25.2"

eta@^4.5.0:
  version "4.5.0"
  resolved "https://registry.yarnpkg.com/eta/-/eta-4.5.0.tgz#43935b81ddb1cc938793b80c3b8d89f68fa9d178"
  integrity sha512-qifAYjuW5AM1eEEIsFnOwB+TGqu6ynU3OKj9WbUTOtUBHFPZqL03XUW34kbp3zm19Ald+U8dEyRXaVsUck+Y1g==

fdir@^6.5.0:
  version "6.5.0"
  resolved "https://registry.yarnpkg.com/fdir/-/fdir-6.5.0.tgz#ed2ab967a331ade62f18d077dae192684d50d350"
  integrity sha512-tIbYtZbucOs0BRGqPJkshJUYdL+SDH7dVM8gjy+ERp3WAUjLEFJE+02kanyHtwjWOnwrKYBiwAmM0p4kLJAnXg==

follow-redirects@^1.15.6:
  version "1.15.9"
  resolved "https://registry.yarnpkg.com/follow-redirects/-/follow-redirects-1.15.9.tgz#a604fa10e443bf98ca94228d9eebcc2e8a2c8ee1"
  integrity sha512-gew4GsXizNgdoRyqmyfMHyAmXsZDk6mHkSxZFCzW9gwlbtOW44CDtYavM+y+72qD/Vq2l550kMF52DT8fOLJqQ==

form-data@^4.0.0:
  version "4.0.0"
  resolved "https://registry.yarnpkg.com/form-data/-/form-data-4.0.0.tgz#93919daeaf361ee529584b9b31664dc12c9fa452"
  integrity sha512-ETEklSGi5t0QMZuiXoA/Q6vcnxcLQP5vdugSpuAyi6SVGi2clPPp+xgEhuMaHC+zGgn31Kd235W35f7Hykkaww==
  dependencies:
    asynckit "^0.4.0"
    combined-stream "^1.0.8"
    mime-types "^2.1.12"

fsevents@~2.3.3:
  version "2.3.3"
  resolved "https://registry.yarnpkg.com/fsevents/-/fsevents-2.3.3.tgz#cac6407785d03675a2a5e1a5305c697b347d90d6"
  integrity sha512-5xoDfX+fL7faATnagmWPpbFtwh/R77WmMMqqHGS65C3vvB0YHrgF+B1YmZ3441tMj5n63k0212XNoJwzlhffQw==

get-tsconfig@^4.13.0:
  version "4.13.0"
  resolved "https://registry.yarnpkg.com/get-tsconfig/-/get-tsconfig-4.13.0.tgz#fcdd991e6d22ab9a600f00e91c318707a5d9a0d7"
  integrity sha512-1VKTZJCwBrvbd+Wn3AOgQP/2Av+TfTCOlE4AcRJE72W1ksZXbAx8PPBR9RzgTeSPzlPMHrbANMH3LbltH73wxQ==
  dependencies:
    resolve-pkg-maps "^1.0.0"

get-tsconfig@^4.7.5:
  version "4.10.0"
  resolved "https://registry.yarnpkg.com/get-tsconfig/-/get-tsconfig-4.10.0.tgz#403a682b373a823612475a4c2928c7326fc0f6bb"
  integrity sha512-kGzZ3LWWQcGIAmg6iWvXn0ei6WDtV26wzHRMwDSzmAbcXrTEXxHy6IehI6/4eT6VRKyMP1eF1VqwrVUmE/LR7A==
  dependencies:
    resolve-pkg-maps "^1.0.0"

hookable@^5.5.3:
  version "5.5.3"
  resolved "https://registry.yarnpkg.com/hookable/-/hookable-5.5.3.tgz#6cfc358984a1ef991e2518cb9ed4a778bbd3215d"
  integrity sha512-Yc+BQe8SvoXH1643Qez1zqLRmbA5rCL+sSmk6TVos0LWVfNIB7PGncdlId77WzLGSIB5KaWgTaNTs2lNVEI6VQ==

import-without-cache@^0.2.3:
  version "0.2.3"
  resolved "https://registry.yarnpkg.com/import-without-cache/-/import-without-cache-0.2.3.tgz#04016fc33220466843cb471ccd0e45cf82a5eb8d"
  integrity sha512-roCvX171VqJ7+7pQt1kSRfwaJvFAC2zhThJWXal1rN8EqzPS3iapkAoNpHh4lM8Na1BDen+n9rVfo73RN+Y87g==

jsesc@^3.0.2:
  version "3.1.0"
  resolved "https://registry.yarnpkg.com/jsesc/-/jsesc-3.1.0.tgz#74d335a234f67ed19907fdadfac7ccf9d409825d"
  integrity sha512-/sM3dO2FOzXjKQhJuo0Q173wf2KOo8t4I8vHy6lF9poUp7bKT0/NHE8fPX23PwfhnykfqnC2xRxOnVw5XuGIaA==

magic-string@^0.30.21:
  version "0.30.21"
  resolved "https://registry.yarnpkg.com/magic-string/-/magic-string-0.30.21.tgz#56763ec09a0fa8091df27879fd94d19078c00d91"
  integrity sha512-vd2F4YUyEXKGcLHoq+TEyCjxueSeHnFxyyjNp80yg0XV4vUhnDer/lvvlqM/arB5bXQN5K2/3oinyCRyx8T2CQ==
  dependencies:
    "@jridgewell/sourcemap-codec" "^1.5.5"

mime-db@1.52.0:
  version "1.52.0"
  resolved "https://registry.yarnpkg.com/mime-db/-/mime-db-1.52.0.tgz#bbabcdc02859f4987301c856e3387ce5ec43bf70"
  integrity sha512-sPU4uV7dYlvtWJxwwxHD0PuihVNiE7TyAbQ5SWxDCB9mUYvOgroQOwYQQOKPJ8CIbE+1ETVlOoK1UC2nU3gYvg==

mime-types@^2.1.12:
  version "2.1.35"
  resolved "https://registry.yarnpkg.com/mime-types/-/mime-types-2.1.35.tgz#381a871b62a734450660ae3deee44813f70d959a"
  integrity sha512-ZDY+bPm5zTTF+YpCrAU9nK0UgICYPT0QtT1NZWFv4s++TNkcgVaT0g6+4R2uI4MjQjzysHB1zxuWL50hzaeXiw==
  dependencies:
    mime-db "1.52.0"

obug@^2.1.1:
  version "2.1.1"
  resolved "https://registry.yarnpkg.com/obug/-/obug-2.1.1.tgz#2cba74ff241beb77d63055ddf4cd1e9f90b538be"
  integrity sha512-uTqF9MuPraAQ+IsnPf366RG4cP9RtUi7MLO1N3KEc+wb0a6yKpeL0lmk2IB1jY5KHPAlTc6T/JRdC/YqxHNwkQ==

pathe@^2.0.3:
  version "2.0.3"
  resolved "https://registry.yarnpkg.com/pathe/-/pathe-2.0.3.tgz#3ecbec55421685b70a9da872b2cff3e1cbed1716"
  integrity sha512-WUjGcAqP1gQacoQe+OBJsFA7Ld4DyXuUIjZ5cc75cLHvJ7dtNsTugphxIADwspS+AraAUePCKrSVtPLFj/F88w==

picomatch@^4.0.3:
  version "4.0.3"
  resolved "https://registry.yarnpkg.com/picomatch/-/picomatch-4.0.3.tgz#796c76136d1eead715db1e7bad785dedd695a042"
  integrity sha512-5gTmgEY/sqK6gFXLIsQNH19lWb4ebPDLA4SdLP7dsWkIXHWlG66oPuVvXSGFPppYZz8ZDZq0dYYrbHfBCVUb1Q==

proxy-from-env@^1.1.0:
  version "1.1.0"
  resolved "https://registry.yarnpkg.com/proxy-from-env/-/proxy-from-env-1.1.0.tgz#e102f16ca355424865755d2c9e8ea4f24d58c3e2"
  integrity sha512-D+zkORCbA9f1tdWRK0RaCR3GPv50cMxcrz4X8k5LTSUD1Dkw47mKJEZQNunItRTkWwgtaUSo1RVFRIG9ZXiFYg==

quansync@^1.0.0:
  version "1.0.0"
  resolved "https://registry.yarnpkg.com/quansync/-/quansync-1.0.0.tgz#1c29acccd544cd68d97a7350c5099e0a9bc7e5ee"
  integrity sha512-5xZacEEufv3HSTPQuchrvV6soaiACMFnq1H8wkVioctoH3TRha9Sz66lOxRwPK/qZj7HPiSveih9yAyh98gvqA==

resolve-pkg-maps@^1.0.0:
  version "1.0.0"
  resolved "https://registry.yarnpkg.com/resolve-pkg-maps/-/resolve-pkg-maps-1.0.0.tgz#616b3dc2c57056b5588c31cdf4b3d64db133720f"
  integrity sha512-seS2Tj26TBVOC2NIc2rOe2y2ZO7efxITtLZcGSOnHHNOQ7CkiUBfw0Iw2ck6xkIhPwLhKNLS8BO+hEpngQlqzw==

rolldown-plugin-dts@^0.18.3:
  version "0.18.3"
  resolved "https://registry.yarnpkg.com/rolldown-plugin-dts/-/rolldown-plugin-dts-0.18.3.tgz#b9ff1dcb1f6f695c07f5ad263dc82b04c9becb9c"
  integrity sha512-rd1LZ0Awwfyn89UndUF/HoFF4oH9a5j+2ZeuKSJYM80vmeN/p0gslYMnHTQHBEXPhUlvAlqGA3tVgXB/1qFNDg==
  dependencies:
    "@babel/generator" "^7.28.5"
    "@babel/parser" "^7.28.5"
    "@babel/types" "^7.28.5"
    ast-kit "^2.2.0"
    birpc "^3.0.0"
    dts-resolver "^2.1.3"
    get-tsconfig "^4.13.0"
    magic-string "^0.30.21"
    obug "^2.1.1"

rolldown@1.0.0-beta.53:
  version "1.0.0-beta.53"
  resolved "https://registry.yarnpkg.com/rolldown/-/rolldown-1.0.0-beta.53.tgz#b1a102a1265d6dcce9ae36f37d6f3aca05bb8ed2"
  integrity sha512-Qd9c2p0XKZdgT5AYd+KgAMggJ8ZmCs3JnS9PTMWkyUfteKlfmKtxJbWTHkVakxwXs1Ub7jrRYVeFeF7N0sQxyw==
  dependencies:
    "@oxc-project/types" "=0.101.0"
    "@rolldown/pluginutils" "1.0.0-beta.53"
  optionalDependencies:
    "@rolldown/binding-android-arm64" "1.0.0-beta.53"
    "@rolldown/binding-darwin-arm64" "1.0.0-beta.53"
    "@rolldown/binding-darwin-x64" "1.0.0-beta.53"
    "@rolldown/binding-freebsd-x64" "1.0.0-beta.53"
    "@rolldown/binding-linux-arm-gnueabihf" "1.0.0-beta.53"
    "@rolldown/binding-linux-arm64-gnu" "1.0.0-beta.53"
    "@rolldown/binding-linux-arm64-musl" "1.0.0-beta.53"
    "@rolldown/binding-linux-x64-gnu" "1.0.0-beta.53"
    "@rolldown/binding-linux-x64-musl" "1.0.0-beta.53"
    "@rolldown/binding-openharmony-arm64" "1.0.0-beta.53"
    "@rolldown/binding-wasm32-wasi" "1.0.0-beta.53"
    "@rolldown/binding-win32-arm64-msvc" "1.0.0-beta.53"
    "@rolldown/binding-win32-x64-msvc" "1.0.0-beta.53"

semver@^7.7.3:
  version "7.7.3"
  resolved "https://registry.yarnpkg.com/semver/-/semver-7.7.3.tgz#4b5f4143d007633a8dc671cd0a6ef9147b8bb946"
  integrity sha512-SdsKMrI9TdgjdweUSR9MweHA4EJ8YxHn8DFaDisvhVlUOe4BF1tLD7GAj0lIqWVl+dPb/rExr0Btby5loQm20Q==

tinyexec@^1.0.2:
  version "1.0.2"
  resolved "https://registry.yarnpkg.com/tinyexec/-/tinyexec-1.0.2.tgz#bdd2737fe2ba40bd6f918ae26642f264b99ca251"
  integrity sha512-W/KYk+NFhkmsYpuHq5JykngiOCnxeVL8v8dFnqxSD8qEEdRfXk1SDM6JzNqcERbcGYj9tMrDQBYV9cjgnunFIg==

tinyglobby@^0.2.15:
  version "0.2.15"
  resolved "https://registry.yarnpkg.com/tinyglobby/-/tinyglobby-0.2.15.tgz#e228dd1e638cea993d2fdb4fcd2d4602a79951c2"
  integrity sha512-j2Zq4NyQYG5XMST4cbs02Ak8iJUdxRM0XI5QyxXuZOzKOINmWurp3smXu3y5wDcJrptwpSjgXHzIQxR0omXljQ==
  dependencies:
    fdir "^6.5.0"
    picomatch "^4.0.3"

tree-kill@^1.2.2:
  version "1.2.2"
  resolved "https://registry.yarnpkg.com/tree-kill/-/tree-kill-1.2.2.tgz#4ca09a9092c88b73a7cdc5e8a01b507b0790a0cc"
  integrity sha512-L0Orpi8qGpRG//Nd+H90vFB+3iHnue1zSSGmNOOCh1GLJ7rUKVwV2HvijphGQS2UmhUZewS9VgvxYIdgr+fG1A==

tsdown@^0.17.4:
  version "0.17.4"
  resolved "https://registry.yarnpkg.com/tsdown/-/tsdown-0.17.4.tgz#4e3456c944796433c925b24131414bcaf12db2bc"
  integrity sha512-z+kNuv1rwM1POQIufDUVrdNc/uGy0ueRVafCyDH39IdHxin4JXgB8DNGSPoqdIpcOpqUoRbNreK8NxENFmlhKw==
  dependencies:
    ansis "^4.2.0"
    cac "^6.7.14"
    defu "^6.1.4"
    empathic "^2.0.0"
    hookable "^5.5.3"
    import-without-cache "^0.2.3"
    obug "^2.1.1"
    rolldown "1.0.0-beta.53"
    rolldown-plugin-dts "^0.18.3"
    semver "^7.7.3"
    tinyexec "^1.0.2"
    tinyglobby "^0.2.15"
    tree-kill "^1.2.2"
    unconfig-core "^7.4.2"
    unrun "^0.2.19"

tslib@^2.4.0:
  version "2.8.1"
  resolved "https://registry.yarnpkg.com/tslib/-/tslib-2.8.1.tgz#612efe4ed235d567e8aba5f2a5fab70280ade83f"
  integrity sha512-oJFu94HQb+KVduSUQL7wnpmqnfmLsOA/nAh6b6EH0wCEoK0/mPeXU6c3wKDV83MkOuHPRHtSXKKU99IBazS/2w==

tsx@^4.19.3:
  version "4.19.3"
  resolved "https://registry.yarnpkg.com/tsx/-/tsx-4.19.3.tgz#2bdbcb87089374d933596f8645615142ed727666"
  integrity sha512-4H8vUNGNjQ4V2EOoGw005+c+dGuPSnhpPBPHBtsZdGZBk/iJb4kguGlPWaZTZ3q5nMtFOEsY0nRDlh9PJyd6SQ==
  dependencies:
    esbuild "~0.25.0"
    get-tsconfig "^4.7.5"
  optionalDependencies:
    fsevents "~2.3.3"

tunnel@^0.0.6:
  version "0.0.6"
  resolved "https://registry.yarnpkg.com/tunnel/-/tunnel-0.0.6.tgz#72f1314b34a5b192db012324df2cc587ca47f92c"
  integrity sha512-1h/Lnq9yajKY2PEbBadPXj3VxsDDu844OnaAo52UVmIzIvwwtBPIuNvkjuzBlTWpfJyUbG3ez0KSBibQkj4ojg==

typescript@~5.7.3:
  version "5.7.3"
  resolved "https://registry.yarnpkg.com/typescript/-/typescript-5.7.3.tgz#919b44a7dbb8583a9b856d162be24a54bf80073e"
  integrity sha512-84MVSjMEHP+FQRPy3pX9sTVV/INIex71s9TL2Gm5FG/WG1SqXeKyZ0k7/blY/4FdOzI12CBy1vGc4og/eus0fw==

unconfig-core@^7.4.2:
  version "7.4.2"
  resolved "https://registry.yarnpkg.com/unconfig-core/-/unconfig-core-7.4.2.tgz#20b676d6b57a04bade4b96da65c783d25e8b286c"
  integrity sha512-VgPCvLWugINbXvMQDf8Jh0mlbvNjNC6eSUziHsBCMpxR05OPrNrvDnyatdMjRgcHaaNsCqz+wjNXxNw1kRLHUg==
  dependencies:
    "@quansync/fs" "^1.0.0"
    quansync "^1.0.0"

undici-types@~6.21.0:
  version "6.21.0"
  resolved "https://registry.yarnpkg.com/undici-types/-/undici-types-6.21.0.tgz#691d00af3909be93a7faa13be61b3a5b50ef12cb"
  integrity sha512-iwDZqg0QAGrg9Rav5H4n0M64c3mkR59cJ6wQp+7C4nI0gsmExaedaYLNO44eT4AtBBwjbTiGPMlt2Md0T9H9JQ==

unrun@^0.2.19:
  version "0.2.19"
  resolved "https://registry.yarnpkg.com/unrun/-/unrun-0.2.19.tgz#857fe454440cccf562691e00e683e779706cc3a1"
  integrity sha512-DbwbJ9BvPEb3BeZnIpP9S5tGLO/JIgPQ3JrpMRFIfZMZfMG19f26OlLbC2ml8RRdrI2ZA7z2t+at5tsIHbh6Qw==
  dependencies:
    rolldown "1.0.0-beta.53"
